
Microsoft Visual Studio Solution File, Format Version 12.00
# Visual Studio Version 16
VisualStudioVersion = 16.0.30717.126
MinimumVisualStudioVersion = 10.0.40219.1
Project("{FAE04EC0-301F-11D3-BF4B-00C04F79EFBC}") = "GoogleChecker", "GoogleChecker\GoogleChecker.csproj", "{71E3F778-E640-435C-BB53-C9A8A51552D2}"
EndProject
Global
	GlobalSection(SolutionConfigurationPlatforms) = preSolution
		Debug|Any CPU = Debug|Any CPU
		Release|Any CPU = Release|Any CPU
	EndGlobalSection
	GlobalSection(ProjectConfigurationPlatforms) = postSolution
		{71E3F778-E640-435C-BB53-C9A8A51552D2}.Debug|Any CPU.ActiveCfg = Debug|Any CPU
		{71E3F778-E640-435C-BB53-C9A8A51552D2}.Debug|Any CPU.Build.0 = Debug|Any CPU
		{71E3F778-E640-435C-BB53-C9A8A51552D2}.Release|Any CPU.ActiveCfg = Release|Any CPU
		{71E3F778-E640-435C-BB53-C9A8A51552D2}.Release|Any CPU.Build.0 = Release|Any CPU
	EndGlobalSection
	GlobalSection(SolutionProperties) = preSolution
		HideSolutionNode = FALSE
	EndGlobalSection
	GlobalSection(ExtensibilityGlobals) = postSolution
		SolutionGuid = {3B89BA57-463E-42D3-A481-FA4F1124F84F}
	EndGlobalSection
EndGlobal
